
Microsoft Visual Studio Solution File, Format Version 12.00
# Visual Studio Version 17
VisualStudioVersion = 17.14.36327.8 d17.14
MinimumVisualStudioVersion = 10.0.40219.1
Project("{FAE04EC0-301F-11D3-BF4B-00C04F79EFBC}") = "CourseMemory", "CourseMemory\CourseMemory.csproj", "{6DEBB0E7-B0EE-4904-83D0-EA203E13E69D}"
EndProject
Global
	GlobalSection(SolutionConfigurationPlatforms) = preSolution
		Debug|Any CPU = Debug|Any CPU
		Release|Any CPU = Release|Any CPU
	EndGlobalSection
	GlobalSection(ProjectConfigurationPlatforms) = postSolution
		{6DEBB0E7-B0EE-4904-83D0-EA203E13E69D}.Debug|Any CPU.ActiveCfg = Debug|Any CPU
		{6DEBB0E7-B0EE-4904-83D0-EA203E13E69D}.Debug|Any CPU.Build.0 = Debug|Any CPU
		{6DEBB0E7-B0EE-4904-83D0-EA203E13E69D}.Release|Any CPU.ActiveCfg = Release|Any CPU
		{6DEBB0E7-B0EE-4904-83D0-EA203E13E69D}.Release|Any CPU.Build.0 = Release|Any CPU
	EndGlobalSection
	GlobalSection(SolutionProperties) = preSolution
		HideSolutionNode = FALSE
	EndGlobalSection
	GlobalSection(ExtensibilityGlobals) = postSolution
		SolutionGuid = {959E7378-6EF0-405F-8800-8F385CA5BB40}
	EndGlobalSection
EndGlobal
